
Microsoft Visual Studio Solution File, Format Version 12.00
# Visual Studio Version 17
VisualStudioVersion = 17.4.33110.190
MinimumVisualStudioVersion = 10.0.40219.1
Project("{888888A0-9F3D-457C-B088-3A5042F75D52}") = "Ukol2", "Ukol2.pyproj", "{3015C55E-ECB8-4DEB-B650-77F8CBDBA3BB}"
EndProject
Global
	GlobalSection(SolutionConfigurationPlatforms) = preSolution
		Debug|Any CPU = Debug|Any CPU
		Release|Any CPU = Release|Any CPU
	EndGlobalSection
	GlobalSection(ProjectConfigurationPlatforms) = postSolution
		{3015C55E-ECB8-4DEB-B650-77F8CBDBA3BB}.Debug|Any CPU.ActiveCfg = Debug|Any CPU
		{3015C55E-ECB8-4DEB-B650-77F8CBDBA3BB}.Release|Any CPU.ActiveCfg = Release|Any CPU
	EndGlobalSection
	GlobalSection(SolutionProperties) = preSolution
		HideSolutionNode = FALSE
	EndGlobalSection
	GlobalSection(ExtensibilityGlobals) = postSolution
		SolutionGuid = {11FD09A5-ADBE-4667-9329-66F1E431FB33}
	EndGlobalSection
EndGlobal
