
Microsoft Visual Studio Solution File, Format Version 12.00
# Visual Studio Version 17
VisualStudioVersion = 17.4.33110.190
MinimumVisualStudioVersion = 10.0.40219.1
Project("{888888A0-9F3D-457C-B088-3A5042F75D52}") = "Ukol1", "Ukol1.pyproj", "{6C6A19ED-DF71-4BB1-808B-A7D33381B446}"
EndProject
Global
	GlobalSection(SolutionConfigurationPlatforms) = preSolution
		Debug|Any CPU = Debug|Any CPU
		Release|Any CPU = Release|Any CPU
	EndGlobalSection
	GlobalSection(ProjectConfigurationPlatforms) = postSolution
		{6C6A19ED-DF71-4BB1-808B-A7D33381B446}.Debug|Any CPU.ActiveCfg = Debug|Any CPU
		{6C6A19ED-DF71-4BB1-808B-A7D33381B446}.Release|Any CPU.ActiveCfg = Release|Any CPU
	EndGlobalSection
	GlobalSection(SolutionProperties) = preSolution
		HideSolutionNode = FALSE
	EndGlobalSection
	GlobalSection(ExtensibilityGlobals) = postSolution
		SolutionGuid = {8142DC27-6DB9-4755-B922-D2498EC649C5}
	EndGlobalSection
EndGlobal
